
Microsoft Visual Studio Solution File, Format Version 12.00
# Visual Studio 15
VisualStudioVersion = 15.0.27130.2026
MinimumVisualStudioVersion = 10.0.40219.1
Project("{FAE04EC0-301F-11D3-BF4B-00C04F79EFBC}") = "Akbars.Lessons", "Akbars.Lessons\Akbars.Lessons.csproj", "{08109AF9-C185-43E0-B5C7-7AA250525BDE}"
EndProject
Project("{FAE04EC0-301F-11D3-BF4B-00C04F79EFBC}") = "Akbars.Lessons.Web", "Akbars.Lessons.Web\Akbars.Lessons.Web.csproj", "{385309C3-DA5B-4DCC-AA1C-E961F51AD3D8}"
EndProject
Global
	GlobalSection(SolutionConfigurationPlatforms) = preSolution
		Debug|Any CPU = Debug|Any CPU
		Release|Any CPU = Release|Any CPU
	EndGlobalSection
	GlobalSection(ProjectConfigurationPlatforms) = postSolution
		{08109AF9-C185-43E0-B5C7-7AA250525BDE}.Debug|Any CPU.ActiveCfg = Debug|Any CPU
		{08109AF9-C185-43E0-B5C7-7AA250525BDE}.Debug|Any CPU.Build.0 = Debug|Any CPU
		{08109AF9-C185-43E0-B5C7-7AA250525BDE}.Release|Any CPU.ActiveCfg = Release|Any CPU
		{08109AF9-C185-43E0-B5C7-7AA250525BDE}.Release|Any CPU.Build.0 = Release|Any CPU
		{385309C3-DA5B-4DCC-AA1C-E961F51AD3D8}.Debug|Any CPU.ActiveCfg = Debug|Any CPU
		{385309C3-DA5B-4DCC-AA1C-E961F51AD3D8}.Debug|Any CPU.Build.0 = Debug|Any CPU
		{385309C3-DA5B-4DCC-AA1C-E961F51AD3D8}.Release|Any CPU.ActiveCfg = Release|Any CPU
		{385309C3-DA5B-4DCC-AA1C-E961F51AD3D8}.Release|Any CPU.Build.0 = Release|Any CPU
	EndGlobalSection
	GlobalSection(SolutionProperties) = preSolution
		HideSolutionNode = FALSE
	EndGlobalSection
	GlobalSection(ExtensibilityGlobals) = postSolution
		SolutionGuid = {E7638DA3-0FEF-4D7C-924B-6F37DF5BBE04}
	EndGlobalSection
EndGlobal
